
Microsoft Visual Studio Solution File, Format Version 12.00
# Visual Studio 15
VisualStudioVersion = 15.0.26124.0
MinimumVisualStudioVersion = 15.0.26124.0
Project("{2150E333-8FDC-42A3-9474-1A3956D46DE8}") = "src", "src", "{7C493A69-008A-4F4B-9AC1-23A64682C4AB}"
EndProject
Project("{FAE04EC0-301F-11D3-BF4B-00C04F79EFBC}") = "Finite.Metrics.Abstractions", "src\Abstractions\Finite.Metrics.Abstractions.csproj", "{9E815B92-5565-46FA-A666-18BC0D5333DA}"
EndProject
Project("{FAE04EC0-301F-11D3-BF4B-00C04F79EFBC}") = "Finite.Metrics", "src\Core\Finite.Metrics.csproj", "{BDEAF88D-40A6-47EF-B4CB-AE3C8F4B3111}"
EndProject
Project("{2150E333-8FDC-42A3-9474-1A3956D46DE8}") = "Providers", "Providers", "{13420B5B-28D6-40FF-B378-82E6FB742AB4}"
EndProject
Project("{FAE04EC0-301F-11D3-BF4B-00C04F79EFBC}") = "Finite.Metrics.OpenTsdb", "src\Providers\OpenTsdb\Finite.Metrics.OpenTsdb.csproj", "{84D1C7FC-C682-48A5-B4DC-08C8FB3A7FC6}"
EndProject
Project("{FAE04EC0-301F-11D3-BF4B-00C04F79EFBC}") = "Finite.Metrics.Configuration", "src\Configuration\Finite.Metrics.Configuration.csproj", "{2080C45E-CDB2-4525-8AE7-8E51D10744D8}"
EndProject
Project("{2150E333-8FDC-42A3-9474-1A3956D46DE8}") = "tests", "tests", "{62C62A44-4FCE-4B47-96CE-C9282E374813}"
EndProject
Project("{FAE04EC0-301F-11D3-BF4B-00C04F79EFBC}") = "Finite.Metrics.UnitTests", "tests\Core\Finite.Metrics.UnitTests.csproj", "{92589C32-7712-447A-84A9-D493A0637A7A}"
EndProject
Project("{FAE04EC0-301F-11D3-BF4B-00C04F79EFBC}") = "Finite.Metrics.Configuration.UnitTests", "tests\Configuration\Finite.Metrics.Configuration.UnitTests.csproj", "{4AD95898-6A60-4B74-976A-80DD4BFCAFC5}"
EndProject
Project("{2150E333-8FDC-42A3-9474-1A3956D46DE8}") = "Providers", "Providers", "{310165FD-B3CA-49FD-929D-9E8BABAF116B}"
EndProject
Project("{FAE04EC0-301F-11D3-BF4B-00C04F79EFBC}") = "Finite.Metrics.OpenTsdb.UnitTests", "tests\Providers\OpenTsdb\Finite.Metrics.OpenTsdb.UnitTests.csproj", "{8C2BA2A6-9D4A-432D-B8B1-B07E0E01FB2C}"
EndProject
Project("{2150E333-8FDC-42A3-9474-1A3956D46DE8}") = "Prometheus", "Prometheus", "{EB50151D-8AD4-4D58-BE3A-CD5EFE1E0621}"
EndProject
Project("{FAE04EC0-301F-11D3-BF4B-00C04F79EFBC}") = "Finite.Metrics.Prometheus.Core", "src\Providers\Prometheus\Core\Finite.Metrics.Prometheus.Core.csproj", "{A4F1FDE6-C192-4F7D-B848-39E462783AAA}"
EndProject
Project("{FAE04EC0-301F-11D3-BF4B-00C04F79EFBC}") = "Finite.Metrics.Prometheus.AspNetCore", "src\Providers\Prometheus\AspNetCore\Finite.Metrics.Prometheus.AspNetCore.csproj", "{EADC0DC7-668B-4F94-9304-572B64D3FE67}"
EndProject
Project("{FAE04EC0-301F-11D3-BF4B-00C04F79EFBC}") = "Finite.Metrics.Prometheus.HostedService", "src\Providers\Prometheus\HostedService\Finite.Metrics.Prometheus.HostedService.csproj", "{693B8847-B557-4B0D-BDF5-238C1DDF14AE}"
EndProject
Global
	GlobalSection(SolutionConfigurationPlatforms) = preSolution
		Debug|Any CPU = Debug|Any CPU
		Debug|x64 = Debug|x64
		Debug|x86 = Debug|x86
		Release|Any CPU = Release|Any CPU
		Release|x64 = Release|x64
		Release|x86 = Release|x86
	EndGlobalSection
	GlobalSection(SolutionProperties) = preSolution
		HideSolutionNode = FALSE
	EndGlobalSection
	GlobalSection(ProjectConfigurationPlatforms) = postSolution
		{9E815B92-5565-46FA-A666-18BC0D5333DA}.Debug|Any CPU.ActiveCfg = Debug|Any CPU
		{9E815B92-5565-46FA-A666-18BC0D5333DA}.Debug|Any CPU.Build.0 = Debug|Any CPU
		{9E815B92-5565-46FA-A666-18BC0D5333DA}.Debug|x64.ActiveCfg = Debug|Any CPU
		{9E815B92-5565-46FA-A666-18BC0D5333DA}.Debug|x64.Build.0 = Debug|Any CPU
		{9E815B92-5565-46FA-A666-18BC0D5333DA}.Debug|x86.ActiveCfg = Debug|Any CPU
		{9E815B92-5565-46FA-A666-18BC0D5333DA}.Debug|x86.Build.0 = Debug|Any CPU
		{9E815B92-5565-46FA-A666-18BC0D5333DA}.Release|Any CPU.ActiveCfg = Release|Any CPU
		{9E815B92-5565-46FA-A666-18BC0D5333DA}.Release|Any CPU.Build.0 = Release|Any CPU
		{9E815B92-5565-46FA-A666-18BC0D5333DA}.Release|x64.ActiveCfg = Release|Any CPU
		{9E815B92-5565-46FA-A666-18BC0D5333DA}.Release|x64.Build.0 = Release|Any CPU
		{9E815B92-5565-46FA-A666-18BC0D5333DA}.Release|x86.ActiveCfg = Release|Any CPU
		{9E815B92-5565-46FA-A666-18BC0D5333DA}.Release|x86.Build.0 = Release|Any CPU
		{BDEAF88D-40A6-47EF-B4CB-AE3C8F4B3111}.Debug|Any CPU.ActiveCfg = Debug|Any CPU
		{BDEAF88D-40A6-47EF-B4CB-AE3C8F4B3111}.Debug|Any CPU.Build.0 = Debug|Any CPU
		{BDEAF88D-40A6-47EF-B4CB-AE3C8F4B3111}.Debug|x64.ActiveCfg = Debug|Any CPU
		{BDEAF88D-40A6-47EF-B4CB-AE3C8F4B3111}.Debug|x64.Build.0 = Debug|Any CPU
		{BDEAF88D-40A6-47EF-B4CB-AE3C8F4B3111}.Debug|x86.ActiveCfg = Debug|Any CPU
		{BDEAF88D-40A6-47EF-B4CB-AE3C8F4B3111}.Debug|x86.Build.0 = Debug|Any CPU
		{BDEAF88D-40A6-47EF-B4CB-AE3C8F4B3111}.Release|Any CPU.ActiveCfg = Release|Any CPU
		{BDEAF88D-40A6-47EF-B4CB-AE3C8F4B3111}.Release|Any CPU.Build.0 = Release|Any CPU
		{BDEAF88D-40A6-47EF-B4CB-AE3C8F4B3111}.Release|x64.ActiveCfg = Release|Any CPU
		{BDEAF88D-40A6-47EF-B4CB-AE3C8F4B3111}.Release|x64.Build.0 = Release|Any CPU
		{BDEAF88D-40A6-47EF-B4CB-AE3C8F4B3111}.Release|x86.ActiveCfg = Release|Any CPU
		{BDEAF88D-40A6-47EF-B4CB-AE3C8F4B3111}.Release|x86.Build.0 = Release|Any CPU
		{84D1C7FC-C682-48A5-B4DC-08C8FB3A7FC6}.Debug|Any CPU.ActiveCfg = Debug|Any CPU
		{84D1C7FC-C682-48A5-B4DC-08C8FB3A7FC6}.Debug|Any CPU.Build.0 = Debug|Any CPU
		{84D1C7FC-C682-48A5-B4DC-08C8FB3A7FC6}.Debug|x64.ActiveCfg = Debug|Any CPU
		{84D1C7FC-C682-48A5-B4DC-08C8FB3A7FC6}.Debug|x64.Build.0 = Debug|Any CPU
		{84D1C7FC-C682-48A5-B4DC-08C8FB3A7FC6}.Debug|x86.ActiveCfg = Debug|Any CPU
		{84D1C7FC-C682-48A5-B4DC-08C8FB3A7FC6}.Debug|x86.Build.0 = Debug|Any CPU
		{84D1C7FC-C682-48A5-B4DC-08C8FB3A7FC6}.Release|Any CPU.ActiveCfg = Release|Any CPU
		{84D1C7FC-C682-48A5-B4DC-08C8FB3A7FC6}.Release|Any CPU.Build.0 = Release|Any CPU
		{84D1C7FC-C682-48A5-B4DC-08C8FB3A7FC6}.Release|x64.ActiveCfg = Release|Any CPU
		{84D1C7FC-C682-48A5-B4DC-08C8FB3A7FC6}.Release|x64.Build.0 = Release|Any CPU
		{84D1C7FC-C682-48A5-B4DC-08C8FB3A7FC6}.Release|x86.ActiveCfg = Release|Any CPU
		{84D1C7FC-C682-48A5-B4DC-08C8FB3A7FC6}.Release|x86.Build.0 = Release|Any CPU
		{2080C45E-CDB2-4525-8AE7-8E51D10744D8}.Debug|Any CPU.ActiveCfg = Debug|Any CPU
		{2080C45E-CDB2-4525-8AE7-8E51D10744D8}.Debug|Any CPU.Build.0 = Debug|Any CPU
		{2080C45E-CDB2-4525-8AE7-8E51D10744D8}.Debug|x64.ActiveCfg = Debug|Any CPU
		{2080C45E-CDB2-4525-8AE7-8E51D10744D8}.Debug|x64.Build.0 = Debug|Any CPU
		{2080C45E-CDB2-4525-8AE7-8E51D10744D8}.Debug|x86.ActiveCfg = Debug|Any CPU
		{2080C45E-CDB2-4525-8AE7-8E51D10744D8}.Debug|x86.Build.0 = Debug|Any CPU
		{2080C45E-CDB2-4525-8AE7-8E51D10744D8}.Release|Any CPU.ActiveCfg = Release|Any CPU
		{2080C45E-CDB2-4525-8AE7-8E51D10744D8}.Release|Any CPU.Build.0 = Release|Any CPU
		{2080C45E-CDB2-4525-8AE7-8E51D10744D8}.Release|x64.ActiveCfg = Release|Any CPU
		{2080C45E-CDB2-4525-8AE7-8E51D10744D8}.Release|x64.Build.0 = Release|Any CPU
		{2080C45E-CDB2-4525-8AE7-8E51D10744D8}.Release|x86.ActiveCfg = Release|Any CPU
		{2080C45E-CDB2-4525-8AE7-8E51D10744D8}.Release|x86.Build.0 = Release|Any CPU
		{92589C32-7712-447A-84A9-D493A0637A7A}.Debug|Any CPU.ActiveCfg = Debug|Any CPU
		{92589C32-7712-447A-84A9-D493A0637A7A}.Debug|Any CPU.Build.0 = Debug|Any CPU
		{92589C32-7712-447A-84A9-D493A0637A7A}.Debug|x64.ActiveCfg = Debug|Any CPU
		{92589C32-7712-447A-84A9-D493A0637A7A}.Debug|x64.Build.0 = Debug|Any CPU
		{92589C32-7712-447A-84A9-D493A0637A7A}.Debug|x86.ActiveCfg = Debug|Any CPU
		{92589C32-7712-447A-84A9-D493A0637A7A}.Debug|x86.Build.0 = Debug|Any CPU
		{92589C32-7712-447A-84A9-D493A0637A7A}.Release|Any CPU.ActiveCfg = Release|Any CPU
		{92589C32-7712-447A-84A9-D493A0637A7A}.Release|Any CPU.Build.0 = Release|Any CPU
		{92589C32-7712-447A-84A9-D493A0637A7A}.Release|x64.ActiveCfg = Release|Any CPU
		{92589C32-7712-447A-84A9-D493A0637A7A}.Release|x64.Build.0 = Release|Any CPU
		{92589C32-7712-447A-84A9-D493A0637A7A}.Release|x86.ActiveCfg = Release|Any CPU
		{92589C32-7712-447A-84A9-D493A0637A7A}.Release|x86.Build.0 = Release|Any CPU
		{4AD95898-6A60-4B74-976A-80DD4BFCAFC5}.Debug|Any CPU.ActiveCfg = Debug|Any CPU
		{4AD95898-6A60-4B74-976A-80DD4BFCAFC5}.Debug|Any CPU.Build.0 = Debug|Any CPU
		{4AD95898-6A60-4B74-976A-80DD4BFCAFC5}.Debug|x64.ActiveCfg = Debug|Any CPU
		{4AD95898-6A60-4B74-976A-80DD4BFCAFC5}.Debug|x64.Build.0 = Debug|Any CPU
		{4AD95898-6A60-4B74-976A-80DD4BFCAFC5}.Debug|x86.ActiveCfg = Debug|Any CPU
		{4AD95898-6A60-4B74-976A-80DD4BFCAFC5}.Debug|x86.Build.0 = Debug|Any CPU
		{4AD95898-6A60-4B74-976A-80DD4BFCAFC5}.Release|Any CPU.ActiveCfg = Release|Any CPU
		{4AD95898-6A60-4B74-976A-80DD4BFCAFC5}.Release|Any CPU.Build.0 = Release|Any CPU
		{4AD95898-6A60-4B74-976A-80DD4BFCAFC5}.Release|x64.ActiveCfg = Release|Any CPU
		{4AD95898-6A60-4B74-976A-80DD4BFCAFC5}.Release|x64.Build.0 = Release|Any CPU
		{4AD95898-6A60-4B74-976A-80DD4BFCAFC5}.Release|x86.ActiveCfg = Release|Any CPU
		{4AD95898-6A60-4B74-976A-80DD4BFCAFC5}.Release|x86.Build.0 = Release|Any CPU
		{8C2BA2A6-9D4A-432D-B8B1-B07E0E01FB2C}.Debug|Any CPU.ActiveCfg = Debug|Any CPU
		{8C2BA2A6-9D4A-432D-B8B1-B07E0E01FB2C}.Debug|Any CPU.Build.0 = Debug|Any CPU
		{8C2BA2A6-9D4A-432D-B8B1-B07E0E01FB2C}.Debug|x64.ActiveCfg = Debug|Any CPU
		{8C2BA2A6-9D4A-432D-B8B1-B07E0E01FB2C}.Debug|x64.Build.0 = Debug|Any CPU
		{8C2BA2A6-9D4A-432D-B8B1-B07E0E01FB2C}.Debug|x86.ActiveCfg = Debug|Any CPU
		{8C2BA2A6-9D4A-432D-B8B1-B07E0E01FB2C}.Debug|x86.Build.0 = Debug|Any CPU
		{8C2BA2A6-9D4A-432D-B8B1-B07E0E01FB2C}.Release|Any CPU.ActiveCfg = Release|Any CPU
		{8C2BA2A6-9D4A-432D-B8B1-B07E0E01FB2C}.Release|Any CPU.Build.0 = Release|Any CPU
		{8C2BA2A6-9D4A-432D-B8B1-B07E0E01FB2C}.Release|x64.ActiveCfg = Release|Any CPU
		{8C2BA2A6-9D4A-432D-B8B1-B07E0E01FB2C}.Release|x64.Build.0 = Release|Any CPU
		{8C2BA2A6-9D4A-432D-B8B1-B07E0E01FB2C}.Release|x86.ActiveCfg = Release|Any CPU
		{8C2BA2A6-9D4A-432D-B8B1-B07E0E01FB2C}.Release|x86.Build.0 = Release|Any CPU
		{A4F1FDE6-C192-4F7D-B848-39E462783AAA}.Debug|Any CPU.ActiveCfg = Debug|Any CPU
		{A4F1FDE6-C192-4F7D-B848-39E462783AAA}.Debug|Any CPU.Build.0 = Debug|Any CPU
		{A4F1FDE6-C192-4F7D-B848-39E462783AAA}.Debug|x64.ActiveCfg = Debug|Any CPU
		{A4F1FDE6-C192-4F7D-B848-39E462783AAA}.Debug|x64.Build.0 = Debug|Any CPU
		{A4F1FDE6-C192-4F7D-B848-39E462783AAA}.Debug|x86.ActiveCfg = Debug|Any CPU
		{A4F1FDE6-C192-4F7D-B848-39E462783AAA}.Debug|x86.Build.0 = Debug|Any CPU
		{A4F1FDE6-C192-4F7D-B848-39E462783AAA}.Release|Any CPU.ActiveCfg = Release|Any CPU
		{A4F1FDE6-C192-4F7D-B848-39E462783AAA}.Release|Any CPU.Build.0 = Release|Any CPU
		{A4F1FDE6-C192-4F7D-B848-39E462783AAA}.Release|x64.ActiveCfg = Release|Any CPU
		{A4F1FDE6-C192-4F7D-B848-39E462783AAA}.Release|x64.Build.0 = Release|Any CPU
		{A4F1FDE6-C192-4F7D-B848-39E462783AAA}.Release|x86.ActiveCfg = Release|Any CPU
		{A4F1FDE6-C192-4F7D-B848-39E462783AAA}.Release|x86.Build.0 = Release|Any CPU
		{EADC0DC7-668B-4F94-9304-572B64D3FE67}.Debug|Any CPU.ActiveCfg = Debug|Any CPU
		{EADC0DC7-668B-4F94-9304-572B64D3FE67}.Debug|Any CPU.Build.0 = Debug|Any CPU
		{EADC0DC7-668B-4F94-9304-572B64D3FE67}.Debug|x64.ActiveCfg = Debug|Any CPU
		{EADC0DC7-668B-4F94-9304-572B64D3FE67}.Debug|x64.Build.0 = Debug|Any CPU
		{EADC0DC7-668B-4F94-9304-572B64D3FE67}.Debug|x86.ActiveCfg = Debug|Any CPU
		{EADC0DC7-668B-4F94-9304-572B64D3FE67}.Debug|x86.Build.0 = Debug|Any CPU
		{EADC0DC7-668B-4F94-9304-572B64D3FE67}.Release|Any CPU.ActiveCfg = Release|Any CPU
		{EADC0DC7-668B-4F94-9304-572B64D3FE67}.Release|Any CPU.Build.0 = Release|Any CPU
		{EADC0DC7-668B-4F94-9304-572B64D3FE67}.Release|x64.ActiveCfg = Release|Any CPU
		{EADC0DC7-668B-4F94-9304-572B64D3FE67}.Release|x64.Build.0 = Release|Any CPU
		{EADC0DC7-668B-4F94-9304-572B64D3FE67}.Release|x86.ActiveCfg = Release|Any CPU
		{EADC0DC7-668B-4F94-9304-572B64D3FE67}.Release|x86.Build.0 = Release|Any CPU
		{693B8847-B557-4B0D-BDF5-238C1DDF14AE}.Debug|Any CPU.ActiveCfg = Debug|Any CPU
		{693B8847-B557-4B0D-BDF5-238C1DDF14AE}.Debug|Any CPU.Build.0 = Debug|Any CPU
		{693B8847-B557-4B0D-BDF5-238C1DDF14AE}.Debug|x64.ActiveCfg = Debug|Any CPU
		{693B8847-B557-4B0D-BDF5-238C1DDF14AE}.Debug|x64.Build.0 = Debug|Any CPU
		{693B8847-B557-4B0D-BDF5-238C1DDF14AE}.Debug|x86.ActiveCfg = Debug|Any CPU
		{693B8847-B557-4B0D-BDF5-238C1DDF14AE}.Debug|x86.Build.0 = Debug|Any CPU
		{693B8847-B557-4B0D-BDF5-238C1DDF14AE}.Release|Any CPU.ActiveCfg = Release|Any CPU
		{693B8847-B557-4B0D-BDF5-238C1DDF14AE}.Release|Any CPU.Build.0 = Release|Any CPU
		{693B8847-B557-4B0D-BDF5-238C1DDF14AE}.Release|x64.ActiveCfg = Release|Any CPU
		{693B8847-B557-4B0D-BDF5-238C1DDF14AE}.Release|x64.Build.0 = Release|Any CPU
		{693B8847-B557-4B0D-BDF5-238C1DDF14AE}.Release|x86.ActiveCfg = Release|Any CPU
		{693B8847-B557-4B0D-BDF5-238C1DDF14AE}.Release|x86.Build.0 = Release|Any CPU
	EndGlobalSection
	GlobalSection(NestedProjects) = preSolution
		{9E815B92-5565-46FA-A666-18BC0D5333DA} = {7C493A69-008A-4F4B-9AC1-23A64682C4AB}
		{BDEAF88D-40A6-47EF-B4CB-AE3C8F4B3111} = {7C493A69-008A-4F4B-9AC1-23A64682C4AB}
		{13420B5B-28D6-40FF-B378-82E6FB742AB4} = {7C493A69-008A-4F4B-9AC1-23A64682C4AB}
		{84D1C7FC-C682-48A5-B4DC-08C8FB3A7FC6} = {13420B5B-28D6-40FF-B378-82E6FB742AB4}
		{2080C45E-CDB2-4525-8AE7-8E51D10744D8} = {7C493A69-008A-4F4B-9AC1-23A64682C4AB}
		{92589C32-7712-447A-84A9-D493A0637A7A} = {62C62A44-4FCE-4B47-96CE-C9282E374813}
		{4AD95898-6A60-4B74-976A-80DD4BFCAFC5} = {62C62A44-4FCE-4B47-96CE-C9282E374813}
		{310165FD-B3CA-49FD-929D-9E8BABAF116B} = {62C62A44-4FCE-4B47-96CE-C9282E374813}
		{8C2BA2A6-9D4A-432D-B8B1-B07E0E01FB2C} = {310165FD-B3CA-49FD-929D-9E8BABAF116B}
		{EB50151D-8AD4-4D58-BE3A-CD5EFE1E0621} = {13420B5B-28D6-40FF-B378-82E6FB742AB4}
		{A4F1FDE6-C192-4F7D-B848-39E462783AAA} = {EB50151D-8AD4-4D58-BE3A-CD5EFE1E0621}
		{EADC0DC7-668B-4F94-9304-572B64D3FE67} = {EB50151D-8AD4-4D58-BE3A-CD5EFE1E0621}
		{693B8847-B557-4B0D-BDF5-238C1DDF14AE} = {EB50151D-8AD4-4D58-BE3A-CD5EFE1E0621}
	EndGlobalSection
EndGlobal
